
Microsoft Visual Studio Solution File, Format Version 12.00
# Visual Studio Version 16
VisualStudioVersion = 16.0.29102.190
MinimumVisualStudioVersion = 10.0.40219.1
Project("{9A19103F-16F7-4668-BE54-9A1E7A4F7556}") = "Arg", "Arg\Arg.csproj", "{88541333-4E3A-4562-9BC6-4DFCC82E310F}"
EndProject
Project("{9A19103F-16F7-4668-BE54-9A1E7A4F7556}") = "ExampleApp", "ExampleApp\ExampleApp.csproj", "{5062F732-E733-41DF-BCD2-B402F7D50566}"
EndProject
Project("{2150E333-8FDC-42A3-9474-1A3956D46DE8}") = "Solution Items", "Solution Items", "{5BBEC23C-E5C5-4546-B41D-F5D67CC2AD54}"
	ProjectSection(SolutionItems) = preProject
		README.md = README.md
	EndProjectSection
EndProject
Global
	GlobalSection(SolutionConfigurationPlatforms) = preSolution
		Debug|Any CPU = Debug|Any CPU
		Release|Any CPU = Release|Any CPU
	EndGlobalSection
	GlobalSection(ProjectConfigurationPlatforms) = postSolution
		{88541333-4E3A-4562-9BC6-4DFCC82E310F}.Debug|Any CPU.ActiveCfg = Debug|Any CPU
		{88541333-4E3A-4562-9BC6-4DFCC82E310F}.Debug|Any CPU.Build.0 = Debug|Any CPU
		{88541333-4E3A-4562-9BC6-4DFCC82E310F}.Release|Any CPU.ActiveCfg = Release|Any CPU
		{88541333-4E3A-4562-9BC6-4DFCC82E310F}.Release|Any CPU.Build.0 = Release|Any CPU
		{5062F732-E733-41DF-BCD2-B402F7D50566}.Debug|Any CPU.ActiveCfg = Debug|Any CPU
		{5062F732-E733-41DF-BCD2-B402F7D50566}.Debug|Any CPU.Build.0 = Debug|Any CPU
		{5062F732-E733-41DF-BCD2-B402F7D50566}.Release|Any CPU.ActiveCfg = Release|Any CPU
		{5062F732-E733-41DF-BCD2-B402F7D50566}.Release|Any CPU.Build.0 = Release|Any CPU
	EndGlobalSection
	GlobalSection(SolutionProperties) = preSolution
		HideSolutionNode = FALSE
	EndGlobalSection
	GlobalSection(ExtensibilityGlobals) = postSolution
		SolutionGuid = {1ABDA92A-B3AB-40BC-B4D4-C750BC3ACB54}
	EndGlobalSection
EndGlobal
